
Microsoft Visual Studio Solution File, Format Version 12.00
# Visual Studio Version 17
VisualStudioVersion = 17.7.34031.279
MinimumVisualStudioVersion = 10.0.40219.1
Project("{FAE04EC0-301F-11D3-BF4B-00C04F79EFBC}") = "Xuan.UWP.Framework", "Xuan.UWP.Framework\Xuan.UWP.Framework.csproj", "{FF76AED5-E793-42D6-9313-A8864632EB12}"
EndProject
Project("{FAE04EC0-301F-11D3-BF4B-00C04F79EFBC}") = "Xuan.UWP.Framework.TestApp", "Xuan.UWP.Framework.TestApp\Xuan.UWP.Framework.TestApp.csproj", "{2754867B-C835-4BE4-A3D1-F4472B83D000}"
EndProject
Project("{FAE04EC0-301F-11D3-BF4B-00C04F79EFBC}") = "Xuan.UWP.Framework.ImageLib", "Xuan.UWP.Framework.ImageLib\Xuan.UWP.Framework.ImageLib.csproj", "{020B5E05-CE78-4505-8A2A-6C8A2213AC89}"
EndProject
Project("{FAE04EC0-301F-11D3-BF4B-00C04F79EFBC}") = "Xuan.UWP.Framework.Controls", "Xuan.UWP.Framework.Controls\Xuan.UWP.Framework.Controls.csproj", "{62B0AF58-4AE2-4BE3-AB75-C3A204254155}"
EndProject
Global
	GlobalSection(SolutionConfigurationPlatforms) = preSolution
		Debug|Any CPU = Debug|Any CPU
		Debug|ARM = Debug|ARM
		Debug|x64 = Debug|x64
		Debug|x86 = Debug|x86
		Release|Any CPU = Release|Any CPU
		Release|ARM = Release|ARM
		Release|x64 = Release|x64
		Release|x86 = Release|x86
	EndGlobalSection
	GlobalSection(ProjectConfigurationPlatforms) = postSolution
		{FF76AED5-E793-42D6-9313-A8864632EB12}.Debug|Any CPU.ActiveCfg = Debug|Any CPU
		{FF76AED5-E793-42D6-9313-A8864632EB12}.Debug|Any CPU.Build.0 = Debug|Any CPU
		{FF76AED5-E793-42D6-9313-A8864632EB12}.Debug|ARM.ActiveCfg = Debug|ARM
		{FF76AED5-E793-42D6-9313-A8864632EB12}.Debug|ARM.Build.0 = Debug|ARM
		{FF76AED5-E793-42D6-9313-A8864632EB12}.Debug|x64.ActiveCfg = Debug|x64
		{FF76AED5-E793-42D6-9313-A8864632EB12}.Debug|x64.Build.0 = Debug|x64
		{FF76AED5-E793-42D6-9313-A8864632EB12}.Debug|x86.ActiveCfg = Debug|x86
		{FF76AED5-E793-42D6-9313-A8864632EB12}.Debug|x86.Build.0 = Debug|x86
		{FF76AED5-E793-42D6-9313-A8864632EB12}.Release|Any CPU.ActiveCfg = Release|Any CPU
		{FF76AED5-E793-42D6-9313-A8864632EB12}.Release|Any CPU.Build.0 = Release|Any CPU
		{FF76AED5-E793-42D6-9313-A8864632EB12}.Release|ARM.ActiveCfg = Release|ARM
		{FF76AED5-E793-42D6-9313-A8864632EB12}.Release|ARM.Build.0 = Release|ARM
		{FF76AED5-E793-42D6-9313-A8864632EB12}.Release|x64.ActiveCfg = Release|x64
		{FF76AED5-E793-42D6-9313-A8864632EB12}.Release|x64.Build.0 = Release|x64
		{FF76AED5-E793-42D6-9313-A8864632EB12}.Release|x86.ActiveCfg = Release|x86
		{FF76AED5-E793-42D6-9313-A8864632EB12}.Release|x86.Build.0 = Release|x86
		{2754867B-C835-4BE4-A3D1-F4472B83D000}.Debug|Any CPU.ActiveCfg = Debug|x86
		{2754867B-C835-4BE4-A3D1-F4472B83D000}.Debug|Any CPU.Build.0 = Debug|x86
		{2754867B-C835-4BE4-A3D1-F4472B83D000}.Debug|Any CPU.Deploy.0 = Debug|x86
		{2754867B-C835-4BE4-A3D1-F4472B83D000}.Debug|ARM.ActiveCfg = Debug|ARM
		{2754867B-C835-4BE4-A3D1-F4472B83D000}.Debug|ARM.Build.0 = Debug|ARM
		{2754867B-C835-4BE4-A3D1-F4472B83D000}.Debug|ARM.Deploy.0 = Debug|ARM
		{2754867B-C835-4BE4-A3D1-F4472B83D000}.Debug|x64.ActiveCfg = Debug|x64
		{2754867B-C835-4BE4-A3D1-F4472B83D000}.Debug|x64.Build.0 = Debug|x64
		{2754867B-C835-4BE4-A3D1-F4472B83D000}.Debug|x64.Deploy.0 = Debug|x64
		{2754867B-C835-4BE4-A3D1-F4472B83D000}.Debug|x86.ActiveCfg = Debug|x86
		{2754867B-C835-4BE4-A3D1-F4472B83D000}.Debug|x86.Build.0 = Debug|x86
		{2754867B-C835-4BE4-A3D1-F4472B83D000}.Debug|x86.Deploy.0 = Debug|x86
		{2754867B-C835-4BE4-A3D1-F4472B83D000}.Release|Any CPU.ActiveCfg = Release|x86
		{2754867B-C835-4BE4-A3D1-F4472B83D000}.Release|ARM.ActiveCfg = Release|ARM
		{2754867B-C835-4BE4-A3D1-F4472B83D000}.Release|ARM.Build.0 = Release|ARM
		{2754867B-C835-4BE4-A3D1-F4472B83D000}.Release|ARM.Deploy.0 = Release|ARM
		{2754867B-C835-4BE4-A3D1-F4472B83D000}.Release|x64.ActiveCfg = Release|x64
		{2754867B-C835-4BE4-A3D1-F4472B83D000}.Release|x64.Build.0 = Release|x64
		{2754867B-C835-4BE4-A3D1-F4472B83D000}.Release|x64.Deploy.0 = Release|x64
		{2754867B-C835-4BE4-A3D1-F4472B83D000}.Release|x86.ActiveCfg = Release|x86
		{2754867B-C835-4BE4-A3D1-F4472B83D000}.Release|x86.Build.0 = Release|x86
		{2754867B-C835-4BE4-A3D1-F4472B83D000}.Release|x86.Deploy.0 = Release|x86
		{020B5E05-CE78-4505-8A2A-6C8A2213AC89}.Debug|Any CPU.ActiveCfg = Debug|Any CPU
		{020B5E05-CE78-4505-8A2A-6C8A2213AC89}.Debug|Any CPU.Build.0 = Debug|Any CPU
		{020B5E05-CE78-4505-8A2A-6C8A2213AC89}.Debug|ARM.ActiveCfg = Debug|ARM
		{020B5E05-CE78-4505-8A2A-6C8A2213AC89}.Debug|ARM.Build.0 = Debug|ARM
		{020B5E05-CE78-4505-8A2A-6C8A2213AC89}.Debug|x64.ActiveCfg = Debug|x64
		{020B5E05-CE78-4505-8A2A-6C8A2213AC89}.Debug|x64.Build.0 = Debug|x64
		{020B5E05-CE78-4505-8A2A-6C8A2213AC89}.Debug|x86.ActiveCfg = Debug|x86
		{020B5E05-CE78-4505-8A2A-6C8A2213AC89}.Debug|x86.Build.0 = Debug|x86
		{020B5E05-CE78-4505-8A2A-6C8A2213AC89}.Release|Any CPU.ActiveCfg = Release|Any CPU
		{020B5E05-CE78-4505-8A2A-6C8A2213AC89}.Release|Any CPU.Build.0 = Release|Any CPU
		{020B5E05-CE78-4505-8A2A-6C8A2213AC89}.Release|ARM.ActiveCfg = Release|ARM
		{020B5E05-CE78-4505-8A2A-6C8A2213AC89}.Release|ARM.Build.0 = Release|ARM
		{020B5E05-CE78-4505-8A2A-6C8A2213AC89}.Release|x64.ActiveCfg = Release|x64
		{020B5E05-CE78-4505-8A2A-6C8A2213AC89}.Release|x64.Build.0 = Release|x64
		{020B5E05-CE78-4505-8A2A-6C8A2213AC89}.Release|x86.ActiveCfg = Release|x86
		{020B5E05-CE78-4505-8A2A-6C8A2213AC89}.Release|x86.Build.0 = Release|x86
		{62B0AF58-4AE2-4BE3-AB75-C3A204254155}.Debug|Any CPU.ActiveCfg = Debug|Any CPU
		{62B0AF58-4AE2-4BE3-AB75-C3A204254155}.Debug|Any CPU.Build.0 = Debug|Any CPU
		{62B0AF58-4AE2-4BE3-AB75-C3A204254155}.Debug|ARM.ActiveCfg = Debug|ARM
		{62B0AF58-4AE2-4BE3-AB75-C3A204254155}.Debug|ARM.Build.0 = Debug|ARM
		{62B0AF58-4AE2-4BE3-AB75-C3A204254155}.Debug|x64.ActiveCfg = Debug|x64
		{62B0AF58-4AE2-4BE3-AB75-C3A204254155}.Debug|x64.Build.0 = Debug|x64
		{62B0AF58-4AE2-4BE3-AB75-C3A204254155}.Debug|x86.ActiveCfg = Debug|x86
		{62B0AF58-4AE2-4BE3-AB75-C3A204254155}.Debug|x86.Build.0 = Debug|x86
		{62B0AF58-4AE2-4BE3-AB75-C3A204254155}.Release|Any CPU.ActiveCfg = Release|Any CPU
		{62B0AF58-4AE2-4BE3-AB75-C3A204254155}.Release|Any CPU.Build.0 = Release|Any CPU
		{62B0AF58-4AE2-4BE3-AB75-C3A204254155}.Release|ARM.ActiveCfg = Release|ARM
		{62B0AF58-4AE2-4BE3-AB75-C3A204254155}.Release|ARM.Build.0 = Release|ARM
		{62B0AF58-4AE2-4BE3-AB75-C3A204254155}.Release|x64.ActiveCfg = Release|x64
		{62B0AF58-4AE2-4BE3-AB75-C3A204254155}.Release|x64.Build.0 = Release|x64
		{62B0AF58-4AE2-4BE3-AB75-C3A204254155}.Release|x86.ActiveCfg = Release|x86
		{62B0AF58-4AE2-4BE3-AB75-C3A204254155}.Release|x86.Build.0 = Release|x86
	EndGlobalSection
	GlobalSection(SolutionProperties) = preSolution
		HideSolutionNode = FALSE
	EndGlobalSection
	GlobalSection(ExtensibilityGlobals) = postSolution
		SolutionGuid = {903A0292-A5F1-4F6C-AF0D-B3A63A8025DF}
	EndGlobalSection
EndGlobal
